
Microsoft Visual Studio Solution File, Format Version 12.00
# Visual Studio Version 16
VisualStudioVersion = 16.0.33027.164
MinimumVisualStudioVersion = 10.0.40219.1
Project("{FAE04EC0-301F-11D3-BF4B-00C04F79EFBC}") = "MvcSalesApp.Web", "MvcSalesApp.Web.csproj", "{854BCD6E-54A5-4323-8029-54AE03ED7CEC}"
EndProject
Project("{FAE04EC0-301F-11D3-BF4B-00C04F79EFBC}") = "MvcSalesApp.Domain", "..\MvcSalesApp.Domain\MvcSalesApp.Domain.csproj", "{12618FF0-ACDC-4ACD-A553-D02AF93E8314}"
EndProject
Project("{FAE04EC0-301F-11D3-BF4B-00C04F79EFBC}") = "MvcSalesApp.Data", "..\MvcSalesApp.Data\MvcSalesApp.Data.csproj", "{8E80183C-3A83-432A-AE36-31DAA4303925}"
EndProject
Project("{FAE04EC0-301F-11D3-BF4B-00C04F79EFBC}") = "SharedKernel.Data", "..\SharedKernel.Data\SharedKernel.Data.csproj", "{396FF650-F1E4-42BA-B4B8-1FA6F8FC7138}"
EndProject
Project("{FAE04EC0-301F-11D3-BF4B-00C04F79EFBC}") = "MvcSalesApp.Services", "..\MvcSalesApp.Services\MvcSalesApp.Services.csproj", "{1F1A125B-4CAA-429B-BEA9-852A67437097}"
EndProject
Project("{FAE04EC0-301F-11D3-BF4B-00C04F79EFBC}") = "MvcSalesApp.Web.CustomerFacing", "..\MvcSalesApp.Web.CustomerFacing\MvcSalesApp.Web.CustomerFacing.csproj", "{150EC661-4D11-45A8-81D1-3E144793B6AD}"
EndProject
Global
	GlobalSection(SolutionConfigurationPlatforms) = preSolution
		Debug|Any CPU = Debug|Any CPU
		Release|Any CPU = Release|Any CPU
	EndGlobalSection
	GlobalSection(ProjectConfigurationPlatforms) = postSolution
		{854BCD6E-54A5-4323-8029-54AE03ED7CEC}.Debug|Any CPU.ActiveCfg = Debug|Any CPU
		{854BCD6E-54A5-4323-8029-54AE03ED7CEC}.Debug|Any CPU.Build.0 = Debug|Any CPU
		{854BCD6E-54A5-4323-8029-54AE03ED7CEC}.Release|Any CPU.ActiveCfg = Release|Any CPU
		{854BCD6E-54A5-4323-8029-54AE03ED7CEC}.Release|Any CPU.Build.0 = Release|Any CPU
		{12618FF0-ACDC-4ACD-A553-D02AF93E8314}.Debug|Any CPU.ActiveCfg = Debug|Any CPU
		{12618FF0-ACDC-4ACD-A553-D02AF93E8314}.Debug|Any CPU.Build.0 = Debug|Any CPU
		{12618FF0-ACDC-4ACD-A553-D02AF93E8314}.Release|Any CPU.ActiveCfg = Release|Any CPU
		{12618FF0-ACDC-4ACD-A553-D02AF93E8314}.Release|Any CPU.Build.0 = Release|Any CPU
		{8E80183C-3A83-432A-AE36-31DAA4303925}.Debug|Any CPU.ActiveCfg = Debug|Any CPU
		{8E80183C-3A83-432A-AE36-31DAA4303925}.Debug|Any CPU.Build.0 = Debug|Any CPU
		{8E80183C-3A83-432A-AE36-31DAA4303925}.Release|Any CPU.ActiveCfg = Release|Any CPU
		{8E80183C-3A83-432A-AE36-31DAA4303925}.Release|Any CPU.Build.0 = Release|Any CPU
		{396FF650-F1E4-42BA-B4B8-1FA6F8FC7138}.Debug|Any CPU.ActiveCfg = Debug|Any CPU
		{396FF650-F1E4-42BA-B4B8-1FA6F8FC7138}.Debug|Any CPU.Build.0 = Debug|Any CPU
		{396FF650-F1E4-42BA-B4B8-1FA6F8FC7138}.Release|Any CPU.ActiveCfg = Release|Any CPU
		{396FF650-F1E4-42BA-B4B8-1FA6F8FC7138}.Release|Any CPU.Build.0 = Release|Any CPU
		{1F1A125B-4CAA-429B-BEA9-852A67437097}.Debug|Any CPU.ActiveCfg = Debug|Any CPU
		{1F1A125B-4CAA-429B-BEA9-852A67437097}.Debug|Any CPU.Build.0 = Debug|Any CPU
		{1F1A125B-4CAA-429B-BEA9-852A67437097}.Release|Any CPU.ActiveCfg = Release|Any CPU
		{1F1A125B-4CAA-429B-BEA9-852A67437097}.Release|Any CPU.Build.0 = Release|Any CPU
		{150EC661-4D11-45A8-81D1-3E144793B6AD}.Debug|Any CPU.ActiveCfg = Debug|Any CPU
		{150EC661-4D11-45A8-81D1-3E144793B6AD}.Debug|Any CPU.Build.0 = Debug|Any CPU
		{150EC661-4D11-45A8-81D1-3E144793B6AD}.Release|Any CPU.ActiveCfg = Release|Any CPU
		{150EC661-4D11-45A8-81D1-3E144793B6AD}.Release|Any CPU.Build.0 = Release|Any CPU
	EndGlobalSection
	GlobalSection(SolutionProperties) = preSolution
		HideSolutionNode = FALSE
	EndGlobalSection
	GlobalSection(ExtensibilityGlobals) = postSolution
		SolutionGuid = {BBC3AF8F-BAAC-452B-8384-208833FD31B5}
	EndGlobalSection
EndGlobal
