
Microsoft Visual Studio Solution File, Format Version 12.00
# Visual Studio Version 16
VisualStudioVersion = 16.0.33027.164
MinimumVisualStudioVersion = 10.0.40219.1
Project("{FAE04EC0-301F-11D3-BF4B-00C04F79EFBC}") = "NinjaDomain.Classes", "NinjaDomain.Classes\NinjaDomain.Classes.csproj", "{575752FD-E95C-4A4D-9E72-1E8499F76E6A}"
EndProject
Project("{FAE04EC0-301F-11D3-BF4B-00C04F79EFBC}") = "NinjaDomain.DataModel", "NinjaDomain.DataModel\NinjaDomain.DataModel.csproj", "{8CC4B141-EAF5-459E-8507-EAEADE797588}"
EndProject
Project("{FAE04EC0-301F-11D3-BF4B-00C04F79EFBC}") = "ConsoleApplication", "ConsoleApplication\ConsoleApplication.csproj", "{6818B415-293F-4144-BE51-69C1207AABCD}"
EndProject
Global
	GlobalSection(SolutionConfigurationPlatforms) = preSolution
		Debug|Any CPU = Debug|Any CPU
		Release|Any CPU = Release|Any CPU
	EndGlobalSection
	GlobalSection(ProjectConfigurationPlatforms) = postSolution
		{575752FD-E95C-4A4D-9E72-1E8499F76E6A}.Debug|Any CPU.ActiveCfg = Debug|Any CPU
		{575752FD-E95C-4A4D-9E72-1E8499F76E6A}.Debug|Any CPU.Build.0 = Debug|Any CPU
		{575752FD-E95C-4A4D-9E72-1E8499F76E6A}.Release|Any CPU.ActiveCfg = Release|Any CPU
		{575752FD-E95C-4A4D-9E72-1E8499F76E6A}.Release|Any CPU.Build.0 = Release|Any CPU
		{8CC4B141-EAF5-459E-8507-EAEADE797588}.Debug|Any CPU.ActiveCfg = Debug|Any CPU
		{8CC4B141-EAF5-459E-8507-EAEADE797588}.Debug|Any CPU.Build.0 = Debug|Any CPU
		{8CC4B141-EAF5-459E-8507-EAEADE797588}.Release|Any CPU.ActiveCfg = Release|Any CPU
		{8CC4B141-EAF5-459E-8507-EAEADE797588}.Release|Any CPU.Build.0 = Release|Any CPU
		{6818B415-293F-4144-BE51-69C1207AABCD}.Debug|Any CPU.ActiveCfg = Debug|Any CPU
		{6818B415-293F-4144-BE51-69C1207AABCD}.Debug|Any CPU.Build.0 = Debug|Any CPU
		{6818B415-293F-4144-BE51-69C1207AABCD}.Release|Any CPU.ActiveCfg = Release|Any CPU
		{6818B415-293F-4144-BE51-69C1207AABCD}.Release|Any CPU.Build.0 = Release|Any CPU
	EndGlobalSection
	GlobalSection(SolutionProperties) = preSolution
		HideSolutionNode = FALSE
	EndGlobalSection
	GlobalSection(ExtensibilityGlobals) = postSolution
		SolutionGuid = {C890A9F0-918F-417F-8BEE-A67D36F3BA3F}
	EndGlobalSection
EndGlobal
