
Microsoft Visual Studio Solution File, Format Version 12.00
# Visual Studio Version 17
VisualStudioVersion = 17.4.33205.214
MinimumVisualStudioVersion = 10.0.40219.1
Project("{FAE04EC0-301F-11D3-BF4B-00C04F79EFBC}") = "GloboTicket.Domain", "GloboTicket.Domain\GloboTicket.Domain.csproj", "{F2166E88-BD08-46AD-846E-CBD444A1D3F8}"
EndProject
Project("{FAE04EC0-301F-11D3-BF4B-00C04F79EFBC}") = "GloboTicket.Infrastructure", "GloboTicket.Infrastructure\GloboTicket.Infrastructure.csproj", "{5EB85B80-EA82-4A3F-9E5F-F8F47A2C32C6}"
EndProject
Project("{FAE04EC0-301F-11D3-BF4B-00C04F79EFBC}") = "GloboTicket.API", "GloboTicket.API\GloboTicket.API.csproj", "{7433482F-18A2-4199-AAEE-A83D479CC36C}"
EndProject
Project("{FAE04EC0-301F-11D3-BF4B-00C04F79EFBC}") = "GloboTicket.SharedKernel", "GloboTicket.SharedKernel\GloboTicket.SharedKernel.csproj", "{FCDDCAC8-4DE5-4EDA-AB59-02298AA7BC04}"
EndProject
Global
	GlobalSection(SolutionConfigurationPlatforms) = preSolution
		Debug|Any CPU = Debug|Any CPU
		Release|Any CPU = Release|Any CPU
	EndGlobalSection
	GlobalSection(ProjectConfigurationPlatforms) = postSolution
		{F2166E88-BD08-46AD-846E-CBD444A1D3F8}.Debug|Any CPU.ActiveCfg = Debug|Any CPU
		{F2166E88-BD08-46AD-846E-CBD444A1D3F8}.Debug|Any CPU.Build.0 = Debug|Any CPU
		{F2166E88-BD08-46AD-846E-CBD444A1D3F8}.Release|Any CPU.ActiveCfg = Release|Any CPU
		{F2166E88-BD08-46AD-846E-CBD444A1D3F8}.Release|Any CPU.Build.0 = Release|Any CPU
		{5EB85B80-EA82-4A3F-9E5F-F8F47A2C32C6}.Debug|Any CPU.ActiveCfg = Debug|Any CPU
		{5EB85B80-EA82-4A3F-9E5F-F8F47A2C32C6}.Debug|Any CPU.Build.0 = Debug|Any CPU
		{5EB85B80-EA82-4A3F-9E5F-F8F47A2C32C6}.Release|Any CPU.ActiveCfg = Release|Any CPU
		{5EB85B80-EA82-4A3F-9E5F-F8F47A2C32C6}.Release|Any CPU.Build.0 = Release|Any CPU
		{7433482F-18A2-4199-AAEE-A83D479CC36C}.Debug|Any CPU.ActiveCfg = Debug|Any CPU
		{7433482F-18A2-4199-AAEE-A83D479CC36C}.Debug|Any CPU.Build.0 = Debug|Any CPU
		{7433482F-18A2-4199-AAEE-A83D479CC36C}.Release|Any CPU.ActiveCfg = Release|Any CPU
		{7433482F-18A2-4199-AAEE-A83D479CC36C}.Release|Any CPU.Build.0 = Release|Any CPU
		{FCDDCAC8-4DE5-4EDA-AB59-02298AA7BC04}.Debug|Any CPU.ActiveCfg = Debug|Any CPU
		{FCDDCAC8-4DE5-4EDA-AB59-02298AA7BC04}.Debug|Any CPU.Build.0 = Debug|Any CPU
		{FCDDCAC8-4DE5-4EDA-AB59-02298AA7BC04}.Release|Any CPU.ActiveCfg = Release|Any CPU
		{FCDDCAC8-4DE5-4EDA-AB59-02298AA7BC04}.Release|Any CPU.Build.0 = Release|Any CPU
	EndGlobalSection
	GlobalSection(SolutionProperties) = preSolution
		HideSolutionNode = FALSE
	EndGlobalSection
	GlobalSection(ExtensibilityGlobals) = postSolution
		SolutionGuid = {12D5E5D5-635D-4A94-AB1A-901DD7DA8A33}
	EndGlobalSection
EndGlobal
